
Microsoft Visual Studio Solution File, Format Version 12.00
# Visual Studio Version 16
VisualStudioVersion = 16.0.33801.447
MinimumVisualStudioVersion = 10.0.40219.1
Project("{8BC9CEB8-8B4A-11D0-8D11-00A0C91BC942}") = "FFD", "PrintFileDesign.vcxproj", "{7FDEC3C1-1956-450E-8B61-D320ABA8AF3A}"
EndProject
Global
	GlobalSection(SolutionConfigurationPlatforms) = preSolution
		Debug|x64 = Debug|x64
		Release|x64 = Release|x64
	EndGlobalSection
	GlobalSection(ProjectConfigurationPlatforms) = postSolution
		{7FDEC3C1-1956-450E-8B61-D320ABA8AF3A}.Debug|x64.ActiveCfg = Debug|x64
		{7FDEC3C1-1956-450E-8B61-D320ABA8AF3A}.Debug|x64.Build.0 = Debug|x64
		{7FDEC3C1-1956-450E-8B61-D320ABA8AF3A}.Release|x64.ActiveCfg = Release|x64
		{7FDEC3C1-1956-450E-8B61-D320ABA8AF3A}.Release|x64.Build.0 = Release|x64
	EndGlobalSection
	GlobalSection(SolutionProperties) = preSolution
		HideSolutionNode = FALSE
	EndGlobalSection
	GlobalSection(ExtensibilityGlobals) = postSolution
		SolutionGuid = {CA30132C-09DB-49BA-A501-65A516A739F3}
	EndGlobalSection
EndGlobal
